
Microsoft Visual Studio Solution File, Format Version 12.00
# Visual Studio Version 16
VisualStudioVersion = 16.0.30611.23
MinimumVisualStudioVersion = 10.0.40219.1
Project("{9A19103F-16F7-4668-BE54-9A1E7A4F7556}") = "EngineCoreProject", "EngineCoreProject\EngineCoreProject.csproj", "{1315F4F6-BC21-4D66-B876-F565C25E7282}"
EndProject
Project("{9A19103F-16F7-4668-BE54-9A1E7A4F7556}") = "XUnitTestNotary", "XUnitTestNotary\XUnitTestNotary.csproj", "{5486BA02-78FB-4C48-84B4-F42AE5B65571}"
EndProject
Global
	GlobalSection(SolutionConfigurationPlatforms) = preSolution
		Debug|Any CPU = Debug|Any CPU
		Release|Any CPU = Release|Any CPU
	EndGlobalSection
	GlobalSection(ProjectConfigurationPlatforms) = postSolution
		{1315F4F6-BC21-4D66-B876-F565C25E7282}.Debug|Any CPU.ActiveCfg = Debug|Any CPU
		{1315F4F6-BC21-4D66-B876-F565C25E7282}.Debug|Any CPU.Build.0 = Debug|Any CPU
		{1315F4F6-BC21-4D66-B876-F565C25E7282}.Release|Any CPU.ActiveCfg = Release|Any CPU
		{1315F4F6-BC21-4D66-B876-F565C25E7282}.Release|Any CPU.Build.0 = Release|Any CPU
		{5486BA02-78FB-4C48-84B4-F42AE5B65571}.Debug|Any CPU.ActiveCfg = Debug|Any CPU
		{5486BA02-78FB-4C48-84B4-F42AE5B65571}.Debug|Any CPU.Build.0 = Debug|Any CPU
		{5486BA02-78FB-4C48-84B4-F42AE5B65571}.Release|Any CPU.ActiveCfg = Release|Any CPU
		{5486BA02-78FB-4C48-84B4-F42AE5B65571}.Release|Any CPU.Build.0 = Release|Any CPU
	EndGlobalSection
	GlobalSection(SolutionProperties) = preSolution
		HideSolutionNode = FALSE
	EndGlobalSection
	GlobalSection(ExtensibilityGlobals) = postSolution
		SolutionGuid = {9F055D78-55F9-40A2-9089-1F745703DE96}
	EndGlobalSection
EndGlobal
