
Microsoft Visual Studio Solution File, Format Version 12.00
# Visual Studio Version 16
VisualStudioVersion = 16.0.31729.503
MinimumVisualStudioVersion = 10.0.40219.1
Project("{9A19103F-16F7-4668-BE54-9A1E7A4F7556}") = "trainingDotNetCore", "trainingDotNetCore.csproj", "{BAE98685-5AEA-4B21-B96F-BD0A4FB49898}"
EndProject
Project("{FAE04EC0-301F-11D3-BF4B-00C04F79EFBC}") = "EmpDomainLayer", "..\EmpDomainLayer\EmpDomainLayer.csproj", "{7967C842-46EC-4903-8D1B-0E08E41CA4D4}"
EndProject
Project("{FAE04EC0-301F-11D3-BF4B-00C04F79EFBC}") = "EmpRepositoryLayer", "..\EmpRepositoryLayer\EmpRepositoryLayer.csproj", "{9E5F9BF5-1873-4015-A28C-8177BBAD710C}"
EndProject
Global
	GlobalSection(SolutionConfigurationPlatforms) = preSolution
		Debug|Any CPU = Debug|Any CPU
		Release|Any CPU = Release|Any CPU
	EndGlobalSection
	GlobalSection(ProjectConfigurationPlatforms) = postSolution
		{BAE98685-5AEA-4B21-B96F-BD0A4FB49898}.Debug|Any CPU.ActiveCfg = Debug|Any CPU
		{BAE98685-5AEA-4B21-B96F-BD0A4FB49898}.Debug|Any CPU.Build.0 = Debug|Any CPU
		{BAE98685-5AEA-4B21-B96F-BD0A4FB49898}.Release|Any CPU.ActiveCfg = Release|Any CPU
		{BAE98685-5AEA-4B21-B96F-BD0A4FB49898}.Release|Any CPU.Build.0 = Release|Any CPU
		{7967C842-46EC-4903-8D1B-0E08E41CA4D4}.Debug|Any CPU.ActiveCfg = Debug|Any CPU
		{7967C842-46EC-4903-8D1B-0E08E41CA4D4}.Debug|Any CPU.Build.0 = Debug|Any CPU
		{7967C842-46EC-4903-8D1B-0E08E41CA4D4}.Release|Any CPU.ActiveCfg = Release|Any CPU
		{7967C842-46EC-4903-8D1B-0E08E41CA4D4}.Release|Any CPU.Build.0 = Release|Any CPU
		{9E5F9BF5-1873-4015-A28C-8177BBAD710C}.Debug|Any CPU.ActiveCfg = Debug|Any CPU
		{9E5F9BF5-1873-4015-A28C-8177BBAD710C}.Debug|Any CPU.Build.0 = Debug|Any CPU
		{9E5F9BF5-1873-4015-A28C-8177BBAD710C}.Release|Any CPU.ActiveCfg = Release|Any CPU
		{9E5F9BF5-1873-4015-A28C-8177BBAD710C}.Release|Any CPU.Build.0 = Release|Any CPU
	EndGlobalSection
	GlobalSection(SolutionProperties) = preSolution
		HideSolutionNode = FALSE
	EndGlobalSection
	GlobalSection(ExtensibilityGlobals) = postSolution
		SolutionGuid = {039C5698-9489-4A58-A5D3-2F421658F1B2}
	EndGlobalSection
EndGlobal
